
Microsoft Visual Studio Solution File, Format Version 12.00
# Visual Studio 15
VisualStudioVersion = 15.0.26124.0
MinimumVisualStudioVersion = 15.0.26124.0
Project("{FAE04EC0-301F-11D3-BF4B-00C04F79EFBC}") = "API", "API\API.csproj", "{63256FFE-6A10-4183-880F-BA2137F28079}"
EndProject
Project("{FAE04EC0-301F-11D3-BF4B-00C04F79EFBC}") = "Application", "Application\Application.csproj", "{6BA1C3C4-4197-4A92-8F08-D50840EAAA53}"
EndProject
Project("{FAE04EC0-301F-11D3-BF4B-00C04F79EFBC}") = "Domain", "Domain\Domain.csproj", "{4EB6296F-9BA6-43C7-8408-F32E41627B74}"
EndProject
Project("{FAE04EC0-301F-11D3-BF4B-00C04F79EFBC}") = "Persistance", "Persistance\Persistance.csproj", "{0A3AEE1F-10A0-4A59-8C40-23380D9E101E}"
EndProject
Global
	GlobalSection(SolutionConfigurationPlatforms) = preSolution
		Debug|Any CPU = Debug|Any CPU
		Debug|x64 = Debug|x64
		Debug|x86 = Debug|x86
		Release|Any CPU = Release|Any CPU
		Release|x64 = Release|x64
		Release|x86 = Release|x86
	EndGlobalSection
	GlobalSection(SolutionProperties) = preSolution
		HideSolutionNode = FALSE
	EndGlobalSection
	GlobalSection(ProjectConfigurationPlatforms) = postSolution
		{63256FFE-6A10-4183-880F-BA2137F28079}.Debug|Any CPU.ActiveCfg = Debug|Any CPU
		{63256FFE-6A10-4183-880F-BA2137F28079}.Debug|Any CPU.Build.0 = Debug|Any CPU
		{63256FFE-6A10-4183-880F-BA2137F28079}.Debug|x64.ActiveCfg = Debug|Any CPU
		{63256FFE-6A10-4183-880F-BA2137F28079}.Debug|x64.Build.0 = Debug|Any CPU
		{63256FFE-6A10-4183-880F-BA2137F28079}.Debug|x86.ActiveCfg = Debug|Any CPU
		{63256FFE-6A10-4183-880F-BA2137F28079}.Debug|x86.Build.0 = Debug|Any CPU
		{63256FFE-6A10-4183-880F-BA2137F28079}.Release|Any CPU.ActiveCfg = Release|Any CPU
		{63256FFE-6A10-4183-880F-BA2137F28079}.Release|Any CPU.Build.0 = Release|Any CPU
		{63256FFE-6A10-4183-880F-BA2137F28079}.Release|x64.ActiveCfg = Release|Any CPU
		{63256FFE-6A10-4183-880F-BA2137F28079}.Release|x64.Build.0 = Release|Any CPU
		{63256FFE-6A10-4183-880F-BA2137F28079}.Release|x86.ActiveCfg = Release|Any CPU
		{63256FFE-6A10-4183-880F-BA2137F28079}.Release|x86.Build.0 = Release|Any CPU
		{6BA1C3C4-4197-4A92-8F08-D50840EAAA53}.Debug|Any CPU.ActiveCfg = Debug|Any CPU
		{6BA1C3C4-4197-4A92-8F08-D50840EAAA53}.Debug|Any CPU.Build.0 = Debug|Any CPU
		{6BA1C3C4-4197-4A92-8F08-D50840EAAA53}.Debug|x64.ActiveCfg = Debug|Any CPU
		{6BA1C3C4-4197-4A92-8F08-D50840EAAA53}.Debug|x64.Build.0 = Debug|Any CPU
		{6BA1C3C4-4197-4A92-8F08-D50840EAAA53}.Debug|x86.ActiveCfg = Debug|Any CPU
		{6BA1C3C4-4197-4A92-8F08-D50840EAAA53}.Debug|x86.Build.0 = Debug|Any CPU
		{6BA1C3C4-4197-4A92-8F08-D50840EAAA53}.Release|Any CPU.ActiveCfg = Release|Any CPU
		{6BA1C3C4-4197-4A92-8F08-D50840EAAA53}.Release|Any CPU.Build.0 = Release|Any CPU
		{6BA1C3C4-4197-4A92-8F08-D50840EAAA53}.Release|x64.ActiveCfg = Release|Any CPU
		{6BA1C3C4-4197-4A92-8F08-D50840EAAA53}.Release|x64.Build.0 = Release|Any CPU
		{6BA1C3C4-4197-4A92-8F08-D50840EAAA53}.Release|x86.ActiveCfg = Release|Any CPU
		{6BA1C3C4-4197-4A92-8F08-D50840EAAA53}.Release|x86.Build.0 = Release|Any CPU
		{4EB6296F-9BA6-43C7-8408-F32E41627B74}.Debug|Any CPU.ActiveCfg = Debug|Any CPU
		{4EB6296F-9BA6-43C7-8408-F32E41627B74}.Debug|Any CPU.Build.0 = Debug|Any CPU
		{4EB6296F-9BA6-43C7-8408-F32E41627B74}.Debug|x64.ActiveCfg = Debug|Any CPU
		{4EB6296F-9BA6-43C7-8408-F32E41627B74}.Debug|x64.Build.0 = Debug|Any CPU
		{4EB6296F-9BA6-43C7-8408-F32E41627B74}.Debug|x86.ActiveCfg = Debug|Any CPU
		{4EB6296F-9BA6-43C7-8408-F32E41627B74}.Debug|x86.Build.0 = Debug|Any CPU
		{4EB6296F-9BA6-43C7-8408-F32E41627B74}.Release|Any CPU.ActiveCfg = Release|Any CPU
		{4EB6296F-9BA6-43C7-8408-F32E41627B74}.Release|Any CPU.Build.0 = Release|Any CPU
		{4EB6296F-9BA6-43C7-8408-F32E41627B74}.Release|x64.ActiveCfg = Release|Any CPU
		{4EB6296F-9BA6-43C7-8408-F32E41627B74}.Release|x64.Build.0 = Release|Any CPU
		{4EB6296F-9BA6-43C7-8408-F32E41627B74}.Release|x86.ActiveCfg = Release|Any CPU
		{4EB6296F-9BA6-43C7-8408-F32E41627B74}.Release|x86.Build.0 = Release|Any CPU
		{0A3AEE1F-10A0-4A59-8C40-23380D9E101E}.Debug|Any CPU.ActiveCfg = Debug|Any CPU
		{0A3AEE1F-10A0-4A59-8C40-23380D9E101E}.Debug|Any CPU.Build.0 = Debug|Any CPU
		{0A3AEE1F-10A0-4A59-8C40-23380D9E101E}.Debug|x64.ActiveCfg = Debug|Any CPU
		{0A3AEE1F-10A0-4A59-8C40-23380D9E101E}.Debug|x64.Build.0 = Debug|Any CPU
		{0A3AEE1F-10A0-4A59-8C40-23380D9E101E}.Debug|x86.ActiveCfg = Debug|Any CPU
		{0A3AEE1F-10A0-4A59-8C40-23380D9E101E}.Debug|x86.Build.0 = Debug|Any CPU
		{0A3AEE1F-10A0-4A59-8C40-23380D9E101E}.Release|Any CPU.ActiveCfg = Release|Any CPU
		{0A3AEE1F-10A0-4A59-8C40-23380D9E101E}.Release|Any CPU.Build.0 = Release|Any CPU
		{0A3AEE1F-10A0-4A59-8C40-23380D9E101E}.Release|x64.ActiveCfg = Release|Any CPU
		{0A3AEE1F-10A0-4A59-8C40-23380D9E101E}.Release|x64.Build.0 = Release|Any CPU
		{0A3AEE1F-10A0-4A59-8C40-23380D9E101E}.Release|x86.ActiveCfg = Release|Any CPU
		{0A3AEE1F-10A0-4A59-8C40-23380D9E101E}.Release|x86.Build.0 = Release|Any CPU
	EndGlobalSection
EndGlobal
